
Microsoft Visual Studio Solution File, Format Version 12.00
# Visual Studio Version 17
VisualStudioVersion = 17.2.32616.157
MinimumVisualStudioVersion = 10.0.40219.1
Project("{9A19103F-16F7-4668-BE54-9A1E7A4F7556}") = "CryptoMarketManager.Console", "CryptoMarketManager.Console\CryptoMarketManager.Console.csproj", "{9868A40F-FB09-48A0-A337-68447357B92B}"
EndProject
Project("{FAE04EC0-301F-11D3-BF4B-00C04F79EFBC}") = "CryptoMarketManager.Core", "CryptoMarketManager.Core\CryptoMarketManager.Core.csproj", "{3ECC40A8-8744-454F-957A-E993684B3619}"
EndProject
Project("{FAE04EC0-301F-11D3-BF4B-00C04F79EFBC}") = "CommonTools", "CommonTools\CommonTools.csproj", "{FDBF1565-3800-408A-9643-3C109A356AAB}"
EndProject
Project("{FAE04EC0-301F-11D3-BF4B-00C04F79EFBC}") = "MarketManager.Core", "MarketManager.Core\MarketManager.Core.csproj", "{92B11B82-BC42-4325-8A86-0DBD6165AF42}"
EndProject
Project("{FAE04EC0-301F-11D3-BF4B-00C04F79EFBC}") = "MarketManager.Console", "MarketManager.Console\MarketManager.Console.csproj", "{B2743AB5-79D4-46F4-9055-9834FB43B147}"
EndProject
Global
	GlobalSection(SolutionConfigurationPlatforms) = preSolution
		Debug|Any CPU = Debug|Any CPU
		Release|Any CPU = Release|Any CPU
	EndGlobalSection
	GlobalSection(ProjectConfigurationPlatforms) = postSolution
		{9868A40F-FB09-48A0-A337-68447357B92B}.Debug|Any CPU.ActiveCfg = Debug|Any CPU
		{9868A40F-FB09-48A0-A337-68447357B92B}.Debug|Any CPU.Build.0 = Debug|Any CPU
		{9868A40F-FB09-48A0-A337-68447357B92B}.Release|Any CPU.ActiveCfg = Release|Any CPU
		{9868A40F-FB09-48A0-A337-68447357B92B}.Release|Any CPU.Build.0 = Release|Any CPU
		{3ECC40A8-8744-454F-957A-E993684B3619}.Debug|Any CPU.ActiveCfg = Debug|Any CPU
		{3ECC40A8-8744-454F-957A-E993684B3619}.Debug|Any CPU.Build.0 = Debug|Any CPU
		{3ECC40A8-8744-454F-957A-E993684B3619}.Release|Any CPU.ActiveCfg = Release|Any CPU
		{3ECC40A8-8744-454F-957A-E993684B3619}.Release|Any CPU.Build.0 = Release|Any CPU
		{FDBF1565-3800-408A-9643-3C109A356AAB}.Debug|Any CPU.ActiveCfg = Debug|Any CPU
		{FDBF1565-3800-408A-9643-3C109A356AAB}.Debug|Any CPU.Build.0 = Debug|Any CPU
		{FDBF1565-3800-408A-9643-3C109A356AAB}.Release|Any CPU.ActiveCfg = Release|Any CPU
		{FDBF1565-3800-408A-9643-3C109A356AAB}.Release|Any CPU.Build.0 = Release|Any CPU
		{92B11B82-BC42-4325-8A86-0DBD6165AF42}.Debug|Any CPU.ActiveCfg = Debug|Any CPU
		{92B11B82-BC42-4325-8A86-0DBD6165AF42}.Debug|Any CPU.Build.0 = Debug|Any CPU
		{92B11B82-BC42-4325-8A86-0DBD6165AF42}.Release|Any CPU.ActiveCfg = Release|Any CPU
		{92B11B82-BC42-4325-8A86-0DBD6165AF42}.Release|Any CPU.Build.0 = Release|Any CPU
		{B2743AB5-79D4-46F4-9055-9834FB43B147}.Debug|Any CPU.ActiveCfg = Debug|Any CPU
		{B2743AB5-79D4-46F4-9055-9834FB43B147}.Debug|Any CPU.Build.0 = Debug|Any CPU
		{B2743AB5-79D4-46F4-9055-9834FB43B147}.Release|Any CPU.ActiveCfg = Release|Any CPU
		{B2743AB5-79D4-46F4-9055-9834FB43B147}.Release|Any CPU.Build.0 = Release|Any CPU
	EndGlobalSection
	GlobalSection(SolutionProperties) = preSolution
		HideSolutionNode = FALSE
	EndGlobalSection
	GlobalSection(ExtensibilityGlobals) = postSolution
		SolutionGuid = {DAD526D5-D140-4FDF-831D-5B122936830B}
	EndGlobalSection
EndGlobal
